{
    "_meta": {
        "hash": {
            "sha256": "8e8693cb0daef510bb7a7c73eec09310b00831d5ef6ee64ddf83611df66bee6a"
        },
        "pipfile-spec": 6,
        "requires": {
            "python_version": "3.11"
        },
        "sources": [
            {
                "name": "pypi",
                "url": "https://pypi.org/simple",
                "verify_ssl": true
            }
        ]
    },
    "default": {
        "pymupdf": {
            "hashes": [
                "sha256:26cebdcc1b2b7a7445423599ce2e0000f2be0333cce0fa0e6846e5a7da46f965",
                "sha256:32296f12a7c7f36febd59cee77823a54490313bcaba9879b17def6518186f94e",
                "sha256:372c77c831f82090ce7a6e4de284ca7c5a78220f63038bb28c5d9b279cd7f4d9",
                "sha256:82ed9e106cf564fc959c0691c374ba68443086ba1a1c9f26128eebbc3e6df9e5",
                "sha256:8deae5168fce37d707f68d1981da6c0bb71f1f176d9835d5914ad46f779a036f",
                "sha256:a65c411eb1cbb79e40c307e10fbad23658f19e9d7334ac4de21d24b58009a7b9",
                "sha256:aad7949eca62aca40854510cdb125cf873b181726dc9497a90834200f31faa63"
            ],
            "index": "pypi",
            "markers": "python_version >= '3.9'",
            "version": "==1.26.1"
        },
        "wand": {
            "hashes": [
                "sha256:e5dda0ac2204a40c29ef5c4cb310770c95d3d05c37b1379e69c94ea79d7d19c0",
                "sha256:f5013484eaf7a20eb22d1821aaefe60b50cc329722372b5f8565d46d4aaafcca"
            ],
            "index": "pypi",
            "version": "==0.6.13"
        }
    },
    "develop": {}
}
